{
    "_readme": [
        "This file locks the dependencies of your project to a known state",
        "Read more about it at https://getcomposer.org/doc/01-basic-usage.md#composer-lock-the-lock-file",
        "This file is @generated automatically"
    ],
    "content-hash": "4cda12e9a5dd208d6489e51427cba727",
    "packages": [
        {
            "name": "heykarthikwithu/cycle",
            "version": "1.1",
            "source": {
                "type": "git",
                "url": "https://github.com/heykarthikwithu/cycle.git",
                "reference": "432f2f6761d691803f233f6c8572cb30bc321faa"
            },
            "dist": {
                "type": "zip",
                "url": "https://api.github.com/repos/heykarthikwithu/cycle/zipball/432f2f6761d691803f233f6c8572cb30bc321faa",
                "reference": "432f2f6761d691803f233f6c8572cb30bc321faa",
                "shasum": ""
            },
            "type": "library",
            "notification-url": "https://packagist.org/downloads/",
            "description": "jQuery Cycle Plugin",
            "time": "2016-10-17T08:06:14+00:00"
        }
    ],
    "packages-dev": [],
    "aliases": [],
    "minimum-stability": "stable",
    "stability-flags": [],
    "prefer-stable": false,
    "prefer-lowest": false,
    "platform": [],
    "platform-dev": []
}
